version = 1
revision = 5
requires-python = "==3.11.*"

[[package]]
name = "appdirs"
version = "1.4.4"
source = { registry = "https://pypi.org/simple" }
sdist = { url = "https://files.pythonhosted.org/packages/d7/d8/05696357e0311f5b5c316d7b95f46c669dd9c15aaeecbb48c7d0aeb88c40/appdirs-1.4.4.tar.gz", hash = "sha256:7d5d0167b2b1ba821647616af46a749d1c653740dd0d2415100fe26e27afdf41", size = 13470, upload-time = "2020-05-11T07:59:51.037Z" }
wheels = [
    { url = "https://files.pythonhosted.org/packages/3b/00/2344469e2084fb287c2e0b57b72910309874c3245463acd6cf5e3db69324/appdirs-1.4.4-py2.py3-none-any.whl", hash = "sha256:a841dacd6b99318a741b166adb07e19ee71a274450e68237b4650ca1055ab128", size = 9566, upload-time = "2020-05-11T07:59:49.499Z" },
]

[[package]]
name = "gitdb"
version = "4.0.12"
source = { registry = "https://pypi.org/simple" }
dependencies = [
    { name = "smmap" },
]
sdist = { url = "https://files.pythonhosted.org/packages/72/94/63b0fc47eb32792c7ba1fe1b694daec9a63620db1e313033d18140c2320a/gitdb-4.0.12.tar.gz", hash = "sha256:5ef71f855d191a3326fcfbc0d5da835f26b13fbcba60c32c21091c349ffdb571", size = 394684, upload-time = "2025-01-02T07:20:46.413Z" }
wheels = [
    { url = "https://files.pythonhosted.org/packages/a0/61/5c78b91c3143ed5c14207f463aecfc8f9dbb5092fb2869baf37c273b2705/gitdb-4.0.12-py3-none-any.whl", hash = "sha256:67073e15955400952c6565cc3e707c554a4eea2e428946f7a4c162fab9bd9bcf", size = 62794, upload-time = "2025-01-02T07:20:43.624Z" },
]

[[package]]
name = "gitpython"
version = "3.2.0"
source = { registry = "https://pypi.org/simple" }
dependencies = [
    { name = "gitdb" },
]
sdist = { url = "https://files.pythonhosted.org/packages/6e/2d/6f6e649818da44d4499604802c89329b8d9799687a124e3a5e467a643336/gitpython-3.2.0.tar.gz", hash = "sha256:fb92310af6844d96adc95ca066ed2e617c00e1dbd146a326626c81e72e18cc2e", size = 238091, upload-time = "2026-09-30T09:10:32.65Z" }
wheels = [
    { url = "https://files.pythonhosted.org/packages/fa/48/f36d233ce749d1bb880cb5e6f8bb171dc2effabc7435c31da604d831b3ec/gitpython-3.2.0-py3-none-any.whl", hash = "sha256:bd70c5ec05cd2b797423e7eb312147d2458d3cca92085888fba2213f85905537", size = 228537, upload-time = "2026-09-30T09:10:31.159Z" },
]

[[package]]
name = "opentimestamps"
version = "0.4.5"
source = { registry = "https://pypi.org/simple" }
dependencies = [
    { name = "pycryptodomex" },
    { name = "python-bitcoinlib" },
]
sdist = { url = "https://files.pythonhosted.org/packages/fb/2a/5f19420091d137e5a4c49cbe3de1964a3741d3264bad5e0a528e54aaef15/opentimestamps-0.4.5.tar.gz", hash = "sha256:56726ccde97fb67f336a7f237ce36808e5593c3089d68d900b1c83d0ebf9dcfa", size = 35554, upload-time = "2023-01-25T14:53:56.035Z" }
wheels = [
    { url = "https://files.pythonhosted.org/packages/58/ff/59b7c642695afabf3ce92e311bff7a3bdcf8b9e420d0749f756763988db0/opentimestamps-0.4.5-py3-none-any.whl", hash = "sha256:a4912b3bd1b612a3ef5fac925b9137889e6c5cb91cc9e76c8202a2bf8abe26b5", size = 50285, upload-time = "2023-01-25T14:53:54.478Z" },
]

[[package]]
name = "opentimestamps-client"
version = "0.7.2"
source = { registry = "https://pypi.org/simple" }
dependencies = [
    { name = "appdirs" },
    { name = "gitpython" },
    { name = "opentimestamps" },
    { name = "pysocks" },
]
sdist = { url = "https://files.pythonhosted.org/packages/3d/cb/15156c9bc8ab404e1fc2750a3b5aa4ecafccd632923776d61c875f116702/opentimestamps-client-0.7.2.tar.gz", hash = "sha256:083a08f59c3123682d6742cc57d3e229ed7b3397807638836efe3a949517accb", size = 24206, upload-time = "2024-12-31T15:17:26.772Z" }
wheels = [
    { url = "https://files.pythonhosted.org/packages/3b/ed/a6025dec89a31ac4d3c35a7ac10822b702c965c170e03a9dbb2d42195181/opentimestamps_client-0.7.2-py3-none-any.whl", hash = "sha256:84e604d7f76534da4bab61ab62b211a6559aa988da51438408ae7947b0e8b7ba", size = 27371, upload-time = "2024-12-31T15:13:14.179Z" },
]

[[package]]
name = "pycryptodomex"
version = "3.24.0"
source = { registry = "https://pypi.org/simple" }
sdist = { url = "https://files.pythonhosted.org/packages/4c/25/214ea825a9031f5af2c8b2506ee16701a2560d4712165dd00098dd527bcb/pycryptodomex-3.24.0.tar.gz", hash = "sha256:0428f19f13452c6b89bbaf2c530f84f369873811dfa77f0cee0da4f40fb0474f", size = 4933136, upload-time = "2026-10-04T17:41:08.988Z" }
wheels = [
    { url = "https://files.pythonhosted.org/packages/bc/fd/b9186cea5e823f91f40904373cff30cdaea5dfe1863b4be0ed3bf51e4db6/pycryptodomex-3.24.0-cp37-abi3-macosx_10_9_universal2.whl", hash = "sha256:ef2bd306328a8447d4d2af6037efddd67ef16630876ed3ec84babd16ca558941", size = 2476748, upload-time = "2026-10-04T17:40:17.326Z" },
    { url = "https://files.pythonhosted.org/packages/65/c4/bf354a7c435da08ba9905a302dce8fac57a33b2ab1e51c78542b698b4b89/pycryptodomex-3.24.0-cp37-abi3-macosx_10_9_x86_64.whl", hash = "sha256:42c8221e3a4ca04b070cb388fca004815f6544951bfb2cc6c7958e293b7caf64", size = 1644339, upload-time = "2026-10-04T17:40:19.872Z" },
    { url = "https://files.pythonhosted.org/packages/7b/ea/158d0ea838c92ba5d5081ce0f08e4af40d7278f7609ca007fca4d010aa4d/pycryptodomex-3.24.0-cp37-abi3-manylinux2014_aarch64.manylinux_2_17_aarch64.whl", hash = "sha256:da9996407d03684221a4e1603b70fad97d8772185e5f75addcd97fcbc4c3281f", size = 2193232, upload-time = "2026-10-04T17:40:22.957Z" },
    { url = "https://files.pythonhosted.org/packages/c8/9f/376b705a536c65fe41806babe5cdcfb076273a0d72dfbbb92073d3d9b10c/pycryptodomex-3.24.0-cp37-abi3-manylinux2014_x86_64.manylinux_2_17_x86_64.whl", hash = "sha256:556e063b52f338bd924fe5c40692cc1f50cb0453bd1d6580b7ffff2eade1a894", size = 2279395, upload-time = "2026-10-04T17:40:25.777Z" },
    { url = "https://files.pythonhosted.org/packages/d4/72/a0726c7165ba84d66923c3e5d5411c5abec9a9a4c1759a664e5cf8806a79/pycryptodomex-3.24.0-cp37-abi3-musllinux_1_2_aarch64.whl", hash = "sha256:b6690bfae043c81108e28e31dc7e3afa8cb1b1eb0ba590fdbff2b66e4c6913e7", size = 2184779, upload-time = "2026-10-04T17:40:28.813Z" },
    { url = "https://files.pythonhosted.org/packages/39/51/c5b9d8fc84d5cf67091a007b476e24f634252fb314472e27a58f3bd97458/pycryptodomex-3.24.0-cp37-abi3-musllinux_1_2_x86_64.whl", hash = "sha256:5fa46af1281be707e0ec5878aea0f77d58d8d4b465f63f7385a71ae0080bfff9", size = 2276914, upload-time = "2026-10-04T17:40:31.23Z" },
    { url = "https://files.pythonhosted.org/packages/c4/28/26f6d1b4257911bdab1c66c2a80e1193131bd8c02fa9ac04453cd45233c1/pycryptodomex-3.24.0-cp37-abi3-win32.whl", hash = "sha256:fab40542a863cc142a763aa92630d613925fe3e937bea3ba5fb735e0c42d4f96", size = 1792631, upload-time = "2026-10-04T17:40:33.61Z" },
    { url = "https://files.pythonhosted.org/packages/4d/91/fa406bbeea093b53d314dfb0fd186658a69a398b73a3a609636b8402b5c3/pycryptodomex-3.24.0-cp37-abi3-win_amd64.whl", hash = "sha256:55f22d72250d7923aac3c2442ec6a1dd8774d2efa3bdcb0f68d5e137d372268e", size = 1825514, upload-time = "2026-10-04T17:40:36.059Z" },
    { url = "https://files.pythonhosted.org/packages/10/b0/c53c7ac97c5deb721aa4f940309802c71ff5ac2fdeac473ce96754c69e5b/pycryptodomex-3.24.0-cp37-abi3-win_arm64.whl", hash = "sha256:908f92fbc307b642b65580d0295698f423b057018d87ae43d441f1d1a00674a2", size = 1759397, upload-time = "2026-10-04T17:40:38.641Z" },
    { url = "https://files.pythonhosted.org/packages/e0/71/045345b36bb911e33f02df3daef291d31c5ef2f8d5908cf31b5c45160e67/pycryptodomex-3.24.0-pp311-pypy311_pp73-macosx_10_15_x86_64.whl", hash = "sha256:408fb76e0af11937381532c992d9f7c0dcf987878cbe61d772b0e788343e81c5", size = 1622317, upload-time = "2026-10-04T17:40:57.608Z" },
    { url = "https://files.pythonhosted.org/packages/10/e2/cbb455c4bb3ce12bd6ae3b0922063cf660deef9fd035e13c6ca06aa8d9dc/pycryptodomex-3.24.0-pp311-pypy311_pp73-manylinux2014_aarch64.manylinux_2_17_aarch64.whl", hash = "sha256:b4f7f9c737ca1af9a79962d3289eaa6521869915ee9fbb9168e578277126691b", size = 1681589, upload-time = "2026-10-04T17:40:59.835Z" },
    { url = "https://files.pythonhosted.org/packages/ca/c1/5d263c7a9c932eef1a90e82e5082e9ab42cc98403cbd315ab1ae130879ef/pycryptodomex-3.24.0-pp311-pypy311_pp73-manylinux2014_x86_64.manylinux_2_17_x86_64.whl", hash = "sha256:96b60c0f36ab7c11a826c116633b08afeac58b9b9c066a5ad7cd373ed996363c", size = 1673862, upload-time = "2026-10-04T17:41:02.698Z" },
    { url = "https://files.pythonhosted.org/packages/db/43/6450dd0a705c4dc7915d60bb5e5e06c380c4707a843119aeccf4098ce848/pycryptodomex-3.24.0-pp311-pypy311_pp73-win_amd64.whl", hash = "sha256:ff8c1a125b2a7a2933219e9e523aabca31c920839c3c10968b56ec9a76c81d1e", size = 1828455, upload-time = "2026-10-04T17:41:05.165Z" },
]

[[package]]
name = "pysocks"
version = "1.7.1"
source = { registry = "https://pypi.org/simple" }
sdist = { url = "https://files.pythonhosted.org/packages/bd/11/293dd436aea955d45fc4e8a35b6ae7270f5b8e00b53cf6c024c83b657a11/PySocks-1.7.1.tar.gz", hash = "sha256:3f8804571ebe159c380ac6de37643bb4685970655d3bba243530d6558b799aa0", size = 284429, upload-time = "2019-09-20T02:07:35.714Z" }
wheels = [
    { url = "https://files.pythonhosted.org/packages/8d/59/b4572118e098ac8e46e399a1dd0f2d85403ce8bbaad9ec79373ed6badaf9/PySocks-1.7.1-py3-none-any.whl", hash = "sha256:2725bd0a9925919b9b51739eea5f9e2bae91e83288108a9ad338b2e3a4435ee5", size = 16725, upload-time = "2019-09-20T02:06:22.938Z" },
]

[[package]]
name = "python-bitcoinlib"
version = "0.12.2"
source = { registry = "https://pypi.org/simple" }
sdist = { url = "https://files.pythonhosted.org/packages/90/a1/ca9d770094a0bfd0f2ce66b7180f0a7729b1b646d90f37f6debf38b28fab/python-bitcoinlib-0.12.2.tar.gz", hash = "sha256:c65ab61427c77c38d397bfc431f71d86fd355b453a536496ec3fcb41bd10087d", size = 153798, upload-time = "2023-06-03T18:37:11.091Z" }
wheels = [
    { url = "https://files.pythonhosted.org/packages/75/46/b388d0885cf799f5bc66ca9995c83e5b7e17cb737f812a7c2591aa789ea6/python_bitcoinlib-0.12.2-py3-none-any.whl", hash = "sha256:2f29a9f475f21c12169b3a6cc8820f34f11362d7ff1200a5703dce3e4e903a44", size = 106954, upload-time = "2023-06-03T18:37:08.524Z" },
]

[[package]]
name = "smmap"
version = "5.0.3"
source = { registry = "https://pypi.org/simple" }
sdist = { url = "https://files.pythonhosted.org/packages/1f/ea/49c993d6dfdd7338c9b1000a0f36817ed7ec84577ae2e52f890d1a4ff909/smmap-5.0.3.tar.gz", hash = "sha256:4d9debb8b99007ae47165abc08670bd74cb74b5227dda7f643eccc4e9eb5642c", size = 22506, upload-time = "2026-03-09T03:43:26.1Z" }
wheels = [
    { url = "https://files.pythonhosted.org/packages/c1/d4/59e74daffcb57a07668852eeeb6035af9f32cbfd7a1d2511f17d2fe6a738/smmap-5.0.3-py3-none-any.whl", hash = "sha256:c106e05d5a61449cf6ba9a1e650227ecfb141590d2a98412103ff35d89fc7b2f", size = 24390, upload-time = "2026-03-09T03:43:24.361Z" },
]

[[package]]
name = "tsfm-optional-ots-client"
version = "0.1.0"
source = { virtual = "." }
dependencies = [
    { name = "opentimestamps-client" },
]

[package.metadata]
requires-dist = [{ name = "opentimestamps-client", specifier = "==0.7.2" }]
